Microsoft Visual Studio Solution File, Format Version 12.00
# Visual Studio 15
VisualStudioVersion = 15.0.27428.2037
MinimumVisualStudioVersion = 10.0.40219.1
Project("{FAE04EC0-301F-11D3-BF4B-00C04F79EFBC}") = "DataCapture.Workflow.Yeti.Driver", "DataCapture.Workflow.Yeti.Driver\DataCapture.Workflow.Yeti.Driver.csproj", "{DED7DCA5-C2FB-426B-9A39-A01402E2C54C}"
EndProject
Project("{FAE04EC0-301F-11D3-BF4B-00C04F79EFBC}") = "DataCapture.Workflow.Yeti", "DataCapture.Workflow.Yeti\DataCapture.Workflow.Yeti.csproj", "{DB68AA81-C4E9-4350-9153-9821DADA7420}"
EndProject
Project("{FAE04EC0-301F-11D3-BF4B-00C04F79EFBC}") = "DataCapture.Workflow.Yeti.Test", "DataCapture.Workflow.Yeti.Test\DataCapture.Workflow.Yeti.Test.csproj", "{B3B054B2-E7E8-490E-8DA6-E5E745C043F5}"
EndProject
Project("{FAE04EC0-301F-11D3-BF4B-00C04F79EFBC}") = "DataCapture.Example.Test", "DataCapture.Example.Test\DataCapture.Example.Test.csproj", "{59D41ACA-2299-6E6E-40AE-A966531967E5}"
EndProject
Project("{FAE04EC0-301F-11D3-BF4B-00C04F79EFBC}") = "DataCapture.Build.VersionSetter", "DataCapture.Build.VersionSetter\DataCapture.Build.VersionSetter.csproj", "{5A93F5E9-6B69-8B1B-551B-4402169CA283}"
EndProject
Project("{FAE04EC0-301F-11D3-BF4B-00C04F79EFBC}") = "DataCapture.IO", "DataCapture.IO\DataCapture.IO.csproj", "{C7508BD7-082D-49E1-9FA2-AF22231F82C8}"
EndProject
Project("{FAE04EC0-301F-11D3-BF4B-00C04F79EFBC}") = "DataCapture.IO.Test", "DataCapture.IO.Test\DataCapture.IO.Test.csproj", "{5AFC4BB5-843C-C180-AE73-47F5A1978B22}"
EndProject
Project("{FAE04EC0-301F-11D3-BF4B-00C04F79EFBC}") = "DataCapture.Workflow.Yeti.Importer", "DataCapture.Workflow.Yeti.Importer\DataCapture.Workflow.Yeti.Importer.csproj", "{0D35E20E-01F1-0FA5-3662-B74C460E541F|"
EndProject
Global
	GlobalSection(SolutionConfigurationPlatforms) = preSolution
		Debug|Any CPU = Debug|Any CPU
		Release|Any CPU = Release|Any CPU
	EndGlobalSection
	GlobalSection(ProjectConfigurationPlatforms) = postSolution
		{DED7DCA5-C2FB-426B-9A39-A01402E2C54C}.Debug|Any CPU.ActiveCfg = Debug|Any CPU
		{DED7DCA5-C2FB-426B-9A39-A01402E2C54C}.Debug|Any CPU.Build.0 = Debug|Any CPU
		{DED7DCA5-C2FB-426B-9A39-A01402E2C54C}.Release|Any CPU.ActiveCfg = Release|Any CPU
		{DED7DCA5-C2FB-426B-9A39-A01402E2C54C}.Release|Any CPU.Build.0 = Release|Any CPU
		{DB68AA81-C4E9-4350-9153-9821DADA7420}.Debug|Any CPU.ActiveCfg = Debug|Any CPU
		{DB68AA81-C4E9-4350-9153-9821DADA7420}.Debug|Any CPU.Build.0 = Debug|Any CPU
		{DB68AA81-C4E9-4350-9153-9821DADA7420}.Release|Any CPU.ActiveCfg = Release|Any CPU
		{DB68AA81-C4E9-4350-9153-9821DADA7420}.Release|Any CPU.Build.0 = Release|Any CPU
		{B3B054B2-E7E8-490E-8DA6-E5E745C043F5}.Debug|Any CPU.ActiveCfg = Debug|Any CPU
		{B3B054B2-E7E8-490E-8DA6-E5E745C043F5}.Debug|Any CPU.Build.0 = Debug|Any CPU
		{B3B054B2-E7E8-490E-8DA6-E5E745C043F5}.Release|Any CPU.ActiveCfg = Release|Any CPU
		{B3B054B2-E7E8-490E-8DA6-E5E745C043F5}.Release|Any CPU.Build.0 = Release|Any CPU
		{59D41ACA-2299-6E6E-40AE-A966531967E5}.Debug|Any CPU.ActiveCfg = Debug|Any CPU
		{59D41ACA-2299-6E6E-40AE-A966531967E5}.Debug|Any CPU.Build.0 = Debug|Any CPU
		{59D41ACA-2299-6E6E-40AE-A966531967E5}.Release|Any CPU.ActiveCfg = Release|Any CPU
		{59D41ACA-2299-6E6E-40AE-A966531967E5}.Release|Any CPU.Build.0 = Release|Any CPU
		{5A93F5E9-6B69-8B1B-551B-4402169CA283}.Debug|Any CPU.ActiveCfg = Debug|Any CPU
		{5A93F5E9-6B69-8B1B-551B-4402169CA283}.Debug|Any CPU.Build.0 = Debug|Any CPU
		{5A93F5E9-6B69-8B1B-551B-4402169CA283}.Release|Any CPU.ActiveCfg = Release|Any CPU
		{5A93F5E9-6B69-8B1B-551B-4402169CA283}.Release|Any CPU.Build.0 = Release|Any CPU
		{C7508BD7-082D-49E1-9FA2-AF22231F82C8}.Debug|Any CPU.ActiveCfg = Debug|Any CPU
		{C7508BD7-082D-49E1-9FA2-AF22231F82C8}.Debug|Any CPU.Build.0 = Debug|Any CPU
		{C7508BD7-082D-49E1-9FA2-AF22231F82C8}.Release|Any CPU.ActiveCfg = Release|Any CPU
		{C7508BD7-082D-49E1-9FA2-AF22231F82C8}.Release|Any CPU.Build.0 = Release|Any CPU
		{5AFC4BB5-843C-C180-AE73-47F5A1978B22}.Debug|Any CPU.ActiveCfg = Debug|Any CPU
		{5AFC4BB5-843C-C180-AE73-47F5A1978B22}.Debug|Any CPU.Build.0 = Debug|Any CPU
		{5AFC4BB5-843C-C180-AE73-47F5A1978B22}.Release|Any CPU.ActiveCfg = Release|Any CPU
		{5AFC4BB5-843C-C180-AE73-47F5A1978B22}.Release|Any CPU.Build.0 = Release|Any CPU
		{0D35E20E-01F1-0FA5-3662-B74C460E541F|.Debug|Any CPU.ActiveCfg = Debug|Any CPU
		{0D35E20E-01F1-0FA5-3662-B74C460E541F|.Debug|Any CPU.Build.0 = Debug|Any CPU
		{0D35E20E-01F1-0FA5-3662-B74C460E541F|.Release|Any CPU.ActiveCfg = Release|Any CPU
		{0D35E20E-01F1-0FA5-3662-B74C460E541F|.Release|Any CPU.Build.0 = Release|Any CPU
	EndGlobalSection
	GlobalSection(SolutionProperties) = preSolution
		HideSolutionNode = FALSE
	EndGlobalSection
	GlobalSection(ExtensibilityGlobals) = postSolution
		SolutionGuid = {3F9ED2B4-26C3-4740-B3C7-BC0E01AFFC88}
	EndGlobalSection
EndGlobal
